
Microsoft Visual Studio Solution File, Format Version 12.00
# Visual Studio Version 17
VisualStudioVersion = 17.7.34024.191
MinimumVisualStudioVersion = 10.0.40219.1
Project("{9A19103F-16F7-4668-BE54-9A1E7A4F7556}") = "WeatherApp", "WeatherApp\WeatherApp.csproj", "{EC56DA2E-8CF6-46D4-862C-4D56A8D77276}"
EndProject
Project("{FAE04EC0-301F-11D3-BF4B-00C04F79EFBC}") = "WeatherApp.Tests", "WeatherApp.Tests\WeatherApp.Tests.csproj", "{6028C31F-C59F-43CE-B183-28BACA9C892F}"
EndProject
Global
	GlobalSection(SolutionConfigurationPlatforms) = preSolution
		Debug|Any CPU = Debug|Any CPU
		Release|Any CPU = Release|Any CPU
	EndGlobalSection
	GlobalSection(ProjectConfigurationPlatforms) = postSolution
		{EC56DA2E-8CF6-46D4-862C-4D56A8D77276}.Debug|Any CPU.ActiveCfg = Debug|Any CPU
		{EC56DA2E-8CF6-46D4-862C-4D56A8D77276}.Debug|Any CPU.Build.0 = Debug|Any CPU
		{EC56DA2E-8CF6-46D4-862C-4D56A8D77276}.Release|Any CPU.ActiveCfg = Release|Any CPU
		{EC56DA2E-8CF6-46D4-862C-4D56A8D77276}.Release|Any CPU.Build.0 = Release|Any CPU
		{6028C31F-C59F-43CE-B183-28BACA9C892F}.Debug|Any CPU.ActiveCfg = Debug|Any CPU
		{6028C31F-C59F-43CE-B183-28BACA9C892F}.Debug|Any CPU.Build.0 = Debug|Any CPU
		{6028C31F-C59F-43CE-B183-28BACA9C892F}.Release|Any CPU.ActiveCfg = Release|Any CPU
		{6028C31F-C59F-43CE-B183-28BACA9C892F}.Release|Any CPU.Build.0 = Release|Any CPU
	EndGlobalSection
	GlobalSection(SolutionProperties) = preSolution
		HideSolutionNode = FALSE
	EndGlobalSection
	GlobalSection(ExtensibilityGlobals) = postSolution
		SolutionGuid = {F8EDB922-A39E-43B6-91ED-858225C71819}
	EndGlobalSection
EndGlobal
